
Microsoft Visual Studio Solution File, Format Version 12.00
# Visual Studio Version 16
VisualStudioVersion = 16.0.30406.217
MinimumVisualStudioVersion = 10.0.40219.1
Project("{FAE04EC0-301F-11D3-BF4B-00C04F79EFBC}") = "SimpleWebScraper", "SimpleWebScraper\SimpleWebScraper.csproj", "{2F2BEBBF-58EF-41B5-A4DF-7C30F8E30146}"
EndProject
Global
	GlobalSection(SolutionConfigurationPlatforms) = preSolution
		Debug|Any CPU = Debug|Any CPU
		Release|Any CPU = Release|Any CPU
	EndGlobalSection
	GlobalSection(ProjectConfigurationPlatforms) = postSolution
		{2F2BEBBF-58EF-41B5-A4DF-7C30F8E30146}.Debug|Any CPU.ActiveCfg = Debug|Any CPU
		{2F2BEBBF-58EF-41B5-A4DF-7C30F8E30146}.Debug|Any CPU.Build.0 = Debug|Any CPU
		{2F2BEBBF-58EF-41B5-A4DF-7C30F8E30146}.Release|Any CPU.ActiveCfg = Release|Any CPU
		{2F2BEBBF-58EF-41B5-A4DF-7C30F8E30146}.Release|Any CPU.Build.0 = Release|Any CPU
	EndGlobalSection
	GlobalSection(SolutionProperties) = preSolution
		HideSolutionNode = FALSE
	EndGlobalSection
	GlobalSection(ExtensibilityGlobals) = postSolution
		SolutionGuid = {15BAFC80-7BB5-46EB-B35B-D1F9139F49FF}
	EndGlobalSection
EndGlobal
